
Microsoft Visual Studio Solution File, Format Version 12.00
# Visual Studio 14
VisualStudioVersion = 14.0.25123.0
MinimumVisualStudioVersion = 10.0.40219.1
Project("{C8D82256-69E2-4BE2-92EA-E3DAA533B6B0}") = "Sitecore.Support.178463", "Sitecore.Support.178463\Sitecore.Support.178463.csproj", "{094AF93E-1608-42CF-BE09-0130B3842D6A}"
EndProject
Global
	GlobalSection(SolutionConfigurationPlatforms) = preSolution
		Debug|Any CPU = Debug|Any CPU
		Release|Any CPU = Release|Any CPU
	EndGlobalSection
	GlobalSection(ProjectConfigurationPlatforms) = postSolution
		{094AF93E-1608-42CF-BE09-0130B3842D6A}.Debug|Any CPU.ActiveCfg = Debug|Any CPU
		{094AF93E-1608-42CF-BE09-0130B3842D6A}.Debug|Any CPU.Build.0 = Debug|Any CPU
		{094AF93E-1608-42CF-BE09-0130B3842D6A}.Release|Any CPU.ActiveCfg = Release|Any CPU
		{094AF93E-1608-42CF-BE09-0130B3842D6A}.Release|Any CPU.Build.0 = Release|Any CPU
	EndGlobalSection
	GlobalSection(SolutionProperties) = preSolution
		HideSolutionNode = FALSE
	EndGlobalSection
EndGlobal
